
Microsoft Visual Studio Solution File, Format Version 12.00
# Visual Studio Version 17
VisualStudioVersion = 17.11.35312.102
MinimumVisualStudioVersion = 10.0.40219.1
Project("{8BC9CEB8-8B4A-11D0-8D11-00A0C91BC942}") = "PR_01", "PR_01\PR_01.vcxproj", "{EFB7C9F9-ACA7-434A-8872-14E01C536879}"
EndProject
Project("{8BC9CEB8-8B4A-11D0-8D11-00A0C91BC942}") = "PR_02", "PR_02\PR_02.vcxproj", "{F7429939-F3C5-422B-B55F-3D4A796424D5}"
EndProject
Project("{8BC9CEB8-8B4A-11D0-8D11-00A0C91BC942}") = "PR_03_04", "PR_03\PR_03.vcxproj", "{F7BFB441-73CC-49E3-89E3-3D5B30037EE4}"
EndProject
Project("{8BC9CEB8-8B4A-11D0-8D11-00A0C91BC942}") = "PR_05", "PR_05\PR_05.vcxproj", "{3D198E0F-8A11-4C5F-B9FF-E5A19636BBFD}"
EndProject
Project("{8BC9CEB8-8B4A-11D0-8D11-00A0C91BC942}") = "PR_06", "PR_06\PR_06.vcxproj", "{C7768602-597E-49DC-B397-9139E99ECFDC}"
EndProject
Project("{8BC9CEB8-8B4A-11D0-8D11-00A0C91BC942}") = "PR_07", "PR_07\PR_07.vcxproj", "{AFE42334-B6B0-42AD-A5D8-1CCD121EFEE6}"
EndProject
Project("{8BC9CEB8-8B4A-11D0-8D11-00A0C91BC942}") = "PR_08", "PR_08\PR_08.vcxproj", "{1D8E6CFB-7CC8-4F75-A049-AF401DBF0DD7}"
EndProject
Global
	GlobalSection(SolutionConfigurationPlatforms) = preSolution
		Debug|x64 = Debug|x64
		Debug|x86 = Debug|x86
		Release|x64 = Release|x64
		Release|x86 = Release|x86
	EndGlobalSection
	GlobalSection(ProjectConfigurationPlatforms) = postSolution
		{EFB7C9F9-ACA7-434A-8872-14E01C536879}.Debug|x64.ActiveCfg = Debug|x64
		{EFB7C9F9-ACA7-434A-8872-14E01C536879}.Debug|x64.Build.0 = Debug|x64
		{EFB7C9F9-ACA7-434A-8872-14E01C536879}.Debug|x86.ActiveCfg = Debug|Win32
		{EFB7C9F9-ACA7-434A-8872-14E01C536879}.Debug|x86.Build.0 = Debug|Win32
		{EFB7C9F9-ACA7-434A-8872-14E01C536879}.Release|x64.ActiveCfg = Release|x64
		{EFB7C9F9-ACA7-434A-8872-14E01C536879}.Release|x64.Build.0 = Release|x64
		{EFB7C9F9-ACA7-434A-8872-14E01C536879}.Release|x86.ActiveCfg = Release|Win32
		{EFB7C9F9-ACA7-434A-8872-14E01C536879}.Release|x86.Build.0 = Release|Win32
		{F7429939-F3C5-422B-B55F-3D4A796424D5}.Debug|x64.ActiveCfg = Debug|x64
		{F7429939-F3C5-422B-B55F-3D4A796424D5}.Debug|x64.Build.0 = Debug|x64
		{F7429939-F3C5-422B-B55F-3D4A796424D5}.Debug|x86.ActiveCfg = Debug|Win32
		{F7429939-F3C5-422B-B55F-3D4A796424D5}.Debug|x86.Build.0 = Debug|Win32
		{F7429939-F3C5-422B-B55F-3D4A796424D5}.Release|x64.ActiveCfg = Release|x64
		{F7429939-F3C5-422B-B55F-3D4A796424D5}.Release|x64.Build.0 = Release|x64
		{F7429939-F3C5-422B-B55F-3D4A796424D5}.Release|x86.ActiveCfg = Release|Win32
		{F7429939-F3C5-422B-B55F-3D4A796424D5}.Release|x86.Build.0 = Release|Win32
		{F7BFB441-73CC-49E3-89E3-3D5B30037EE4}.Debug|x64.ActiveCfg = Debug|x64
		{F7BFB441-73CC-49E3-89E3-3D5B30037EE4}.Debug|x64.Build.0 = Debug|x64
		{F7BFB441-73CC-49E3-89E3-3D5B30037EE4}.Debug|x86.ActiveCfg = Debug|Win32
		{F7BFB441-73CC-49E3-89E3-3D5B30037EE4}.Debug|x86.Build.0 = Debug|Win32
		{F7BFB441-73CC-49E3-89E3-3D5B30037EE4}.Release|x64.ActiveCfg = Release|x64
		{F7BFB441-73CC-49E3-89E3-3D5B30037EE4}.Release|x64.Build.0 = Release|x64
		{F7BFB441-73CC-49E3-89E3-3D5B30037EE4}.Release|x86.ActiveCfg = Release|Win32
		{F7BFB441-73CC-49E3-89E3-3D5B30037EE4}.Release|x86.Build.0 = Release|Win32
		{3D198E0F-8A11-4C5F-B9FF-E5A19636BBFD}.Debug|x64.ActiveCfg = Debug|x64
		{3D198E0F-8A11-4C5F-B9FF-E5A19636BBFD}.Debug|x64.Build.0 = Debug|x64
		{3D198E0F-8A11-4C5F-B9FF-E5A19636BBFD}.Debug|x86.ActiveCfg = Debug|Win32
		{3D198E0F-8A11-4C5F-B9FF-E5A19636BBFD}.Debug|x86.Build.0 = Debug|Win32
		{3D198E0F-8A11-4C5F-B9FF-E5A19636BBFD}.Release|x64.ActiveCfg = Release|x64
		{3D198E0F-8A11-4C5F-B9FF-E5A19636BBFD}.Release|x64.Build.0 = Release|x64
		{3D198E0F-8A11-4C5F-B9FF-E5A19636BBFD}.Release|x86.ActiveCfg = Release|Win32
		{3D198E0F-8A11-4C5F-B9FF-E5A19636BBFD}.Release|x86.Build.0 = Release|Win32
		{C7768602-597E-49DC-B397-9139E99ECFDC}.Debug|x64.ActiveCfg = Debug|x64
		{C7768602-597E-49DC-B397-9139E99ECFDC}.Debug|x64.Build.0 = Debug|x64
		{C7768602-597E-49DC-B397-9139E99ECFDC}.Debug|x86.ActiveCfg = Debug|Win32
		{C7768602-597E-49DC-B397-9139E99ECFDC}.Debug|x86.Build.0 = Debug|Win32
		{C7768602-597E-49DC-B397-9139E99ECFDC}.Release|x64.ActiveCfg = Release|x64
		{C7768602-597E-49DC-B397-9139E99ECFDC}.Release|x64.Build.0 = Release|x64
		{C7768602-597E-49DC-B397-9139E99ECFDC}.Release|x86.ActiveCfg = Release|Win32
		{C7768602-597E-49DC-B397-9139E99ECFDC}.Release|x86.Build.0 = Release|Win32
		{AFE42334-B6B0-42AD-A5D8-1CCD121EFEE6}.Debug|x64.ActiveCfg = Debug|x64
		{AFE42334-B6B0-42AD-A5D8-1CCD121EFEE6}.Debug|x64.Build.0 = Debug|x64
		{AFE42334-B6B0-42AD-A5D8-1CCD121EFEE6}.Debug|x86.ActiveCfg = Debug|Win32
		{AFE42334-B6B0-42AD-A5D8-1CCD121EFEE6}.Debug|x86.Build.0 = Debug|Win32
		{AFE42334-B6B0-42AD-A5D8-1CCD121EFEE6}.Release|x64.ActiveCfg = Release|x64
		{AFE42334-B6B0-42AD-A5D8-1CCD121EFEE6}.Release|x64.Build.0 = Release|x64
		{AFE42334-B6B0-42AD-A5D8-1CCD121EFEE6}.Release|x86.ActiveCfg = Release|Win32
		{AFE42334-B6B0-42AD-A5D8-1CCD121EFEE6}.Release|x86.Build.0 = Release|Win32
		{1D8E6CFB-7CC8-4F75-A049-AF401DBF0DD7}.Debug|x64.ActiveCfg = Debug|x64
		{1D8E6CFB-7CC8-4F75-A049-AF401DBF0DD7}.Debug|x64.Build.0 = Debug|x64
		{1D8E6CFB-7CC8-4F75-A049-AF401DBF0DD7}.Debug|x86.ActiveCfg = Debug|Win32
		{1D8E6CFB-7CC8-4F75-A049-AF401DBF0DD7}.Debug|x86.Build.0 = Debug|Win32
		{1D8E6CFB-7CC8-4F75-A049-AF401DBF0DD7}.Release|x64.ActiveCfg = Release|x64
		{1D8E6CFB-7CC8-4F75-A049-AF401DBF0DD7}.Release|x64.Build.0 = Release|x64
		{1D8E6CFB-7CC8-4F75-A049-AF401DBF0DD7}.Release|x86.ActiveCfg = Release|Win32
		{1D8E6CFB-7CC8-4F75-A049-AF401DBF0DD7}.Release|x86.Build.0 = Release|Win32
	EndGlobalSection
	GlobalSection(SolutionProperties) = preSolution
		HideSolutionNode = FALSE
	EndGlobalSection
	GlobalSection(ExtensibilityGlobals) = postSolution
		SolutionGuid = {81BC310A-FF5B-4787-877D-9920E06FDBAD}
	EndGlobalSection
EndGlobal
